
Microsoft Visual Studio Solution File, Format Version 12.00
# Visual Studio 15
VisualStudioVersion = 15.0.27703.2026
MinimumVisualStudioVersion = 10.0.40219.1
Project("{9A19103F-16F7-4668-BE54-9A1E7A4F7556}") = "TS-web-app", "TS-web-app\TS-web-app.csproj", "{9A084F1B-FF43-4DFE-BB2F-DCF124850017}"
EndProject
Project("{9A19103F-16F7-4668-BE54-9A1E7A4F7556}") = "TS-web-app.tests", "TS-web-app.tests\TS-web-app.tests.csproj", "{988BFA14-3BA5-4A96-9A60-62D444BF4D13}"
EndProject
Project("{9A19103F-16F7-4668-BE54-9A1E7A4F7556}") = "TS-io", "TS-io\TS-io.csproj", "{2E703699-9D49-4350-BAFC-1AA3B6AE1D7C}"
EndProject
Project("{9A19103F-16F7-4668-BE54-9A1E7A4F7556}") = "TS-solver", "TS-solver\TS-solver.csproj", "{B87D2C84-F467-48BA-B677-AA72EBFB8070}"
EndProject
Global
	GlobalSection(SolutionConfigurationPlatforms) = preSolution
		Debug|Any CPU = Debug|Any CPU
		Release|Any CPU = Release|Any CPU
	EndGlobalSection
	GlobalSection(ProjectConfigurationPlatforms) = postSolution
		{9A084F1B-FF43-4DFE-BB2F-DCF124850017}.Debug|Any CPU.ActiveCfg = Debug|Any CPU
		{9A084F1B-FF43-4DFE-BB2F-DCF124850017}.Debug|Any CPU.Build.0 = Debug|Any CPU
		{9A084F1B-FF43-4DFE-BB2F-DCF124850017}.Release|Any CPU.ActiveCfg = Release|Any CPU
		{9A084F1B-FF43-4DFE-BB2F-DCF124850017}.Release|Any CPU.Build.0 = Release|Any CPU
		{988BFA14-3BA5-4A96-9A60-62D444BF4D13}.Debug|Any CPU.ActiveCfg = Debug|Any CPU
		{988BFA14-3BA5-4A96-9A60-62D444BF4D13}.Debug|Any CPU.Build.0 = Debug|Any CPU
		{988BFA14-3BA5-4A96-9A60-62D444BF4D13}.Release|Any CPU.ActiveCfg = Release|Any CPU
		{988BFA14-3BA5-4A96-9A60-62D444BF4D13}.Release|Any CPU.Build.0 = Release|Any CPU
		{2E703699-9D49-4350-BAFC-1AA3B6AE1D7C}.Debug|Any CPU.ActiveCfg = Debug|Any CPU
		{2E703699-9D49-4350-BAFC-1AA3B6AE1D7C}.Debug|Any CPU.Build.0 = Debug|Any CPU
		{2E703699-9D49-4350-BAFC-1AA3B6AE1D7C}.Release|Any CPU.ActiveCfg = Release|Any CPU
		{2E703699-9D49-4350-BAFC-1AA3B6AE1D7C}.Release|Any CPU.Build.0 = Release|Any CPU
		{B87D2C84-F467-48BA-B677-AA72EBFB8070}.Debug|Any CPU.ActiveCfg = Debug|Any CPU
		{B87D2C84-F467-48BA-B677-AA72EBFB8070}.Debug|Any CPU.Build.0 = Debug|Any CPU
		{B87D2C84-F467-48BA-B677-AA72EBFB8070}.Release|Any CPU.ActiveCfg = Release|Any CPU
		{B87D2C84-F467-48BA-B677-AA72EBFB8070}.Release|Any CPU.Build.0 = Release|Any CPU
	EndGlobalSection
	GlobalSection(SolutionProperties) = preSolution
		HideSolutionNode = FALSE
	EndGlobalSection
	GlobalSection(ExtensibilityGlobals) = postSolution
		SolutionGuid = {0E799AA4-A5D6-47FB-B342-0D86F21CD413}
	EndGlobalSection
EndGlobal
